
Microsoft Visual Studio Solution File, Format Version 12.00
# Visual Studio Version 17
VisualStudioVersion = 17.5.002.0
MinimumVisualStudioVersion = 10.0.40219.1
Project("{2150E333-8FDC-42A3-9474-1A3956D46DE8}") = "csharp-prep", "csharp-prep", "{DB06634D-14C1-43DB-BDD2-4ED37556259C}"
EndProject
Project("{9A19103F-16F7-4668-BE54-9A1E7A4F7556}") = "Prep1", "csharp-prep\Prep1\Prep1.csproj", "{2888E246-BCC0-4B84-A7B3-B690CDE38294}"
EndProject
Project("{9A19103F-16F7-4668-BE54-9A1E7A4F7556}") = "Prep2", "csharp-prep\Prep2\Prep2.csproj", "{AB13F1D3-814F-4430-B56A-DEFCBA8833CC}"
EndProject
Project("{9A19103F-16F7-4668-BE54-9A1E7A4F7556}") = "Prep3", "csharp-prep\Prep3\Prep3.csproj", "{854B995F-D2DF-4F2F-810F-4E1CE410AAAE}"
EndProject
Project("{9A19103F-16F7-4668-BE54-9A1E7A4F7556}") = "Prep4", "csharp-prep\Prep4\Prep4.csproj", "{2D6DFA23-972C-41B2-8038-968C1C9BD8BD}"
EndProject
Project("{9A19103F-16F7-4668-BE54-9A1E7A4F7556}") = "Prep5", "csharp-prep\Prep5\Prep5.csproj", "{9A8B15D4-08B1-47AC-9FDB-28C6575C7218}"
EndProject
Project("{2150E333-8FDC-42A3-9474-1A3956D46DE8}") = "final", "final", "{285D0D66-7BAF-43B9-93EA-7454304DC96E}"
EndProject
Project("{9A19103F-16F7-4668-BE54-9A1E7A4F7556}") = "FinalProject", "final\FinalProject\FinalProject.csproj", "{70EAA8D0-EE6C-489E-A5F8-7D69D880C194}"
EndProject
Project("{9A19103F-16F7-4668-BE54-9A1E7A4F7556}") = "Foundation1", "final\Foundation1\Foundation1.csproj", "{066168C0-3B23-41E8-A059-0523FEDA390E}"
EndProject
Project("{9A19103F-16F7-4668-BE54-9A1E7A4F7556}") = "Foundation2", "final\Foundation2\Foundation2.csproj", "{352AF110-563E-4E61-9B4B-6F817A961442}"
EndProject
Project("{9A19103F-16F7-4668-BE54-9A1E7A4F7556}") = "Foundation3", "final\Foundation3\Foundation3.csproj", "{C06663AD-D10B-40B7-8D40-AFFD8A186052}"
EndProject
Project("{9A19103F-16F7-4668-BE54-9A1E7A4F7556}") = "Foundation4", "final\Foundation4\Foundation4.csproj", "{5BC0B033-D1D6-4A3C-8D34-6A64E65CD609}"
EndProject
Project("{2150E333-8FDC-42A3-9474-1A3956D46DE8}") = "prepare", "prepare", "{26829A74-1985-4D57-898C-7EB425E000F3}"
EndProject
Project("{9A19103F-16F7-4668-BE54-9A1E7A4F7556}") = "Learning02", "prepare\Learning02\Learning02.csproj", "{E8AD6FC4-DC5B-43CA-ABC9-CA2EA9BB9907}"
EndProject
Project("{9A19103F-16F7-4668-BE54-9A1E7A4F7556}") = "Learning03", "prepare\Learning03\Learning03.csproj", "{76585586-1482-4BA4-A987-5DEC36F755F8}"
EndProject
Project("{9A19103F-16F7-4668-BE54-9A1E7A4F7556}") = "Learning04", "prepare\Learning04\Learning04.csproj", "{D1788992-C037-4941-8AF6-982DDF1710CB}"
EndProject
Project("{9A19103F-16F7-4668-BE54-9A1E7A4F7556}") = "Learning05", "prepare\Learning05\Learning05.csproj", "{E50883AB-C4B5-47E7-A5DD-6EEC160D4265}"
EndProject
Project("{2150E333-8FDC-42A3-9474-1A3956D46DE8}") = "prove", "prove", "{3D34CD98-B377-402A-B3D8-AB0C56C6BD34}"
EndProject
Project("{9A19103F-16F7-4668-BE54-9A1E7A4F7556}") = "Develop02", "prove\Develop02\Develop02.csproj", "{7122069A-1C66-4F07-BC28-3FDB49E96EE2}"
EndProject
Project("{9A19103F-16F7-4668-BE54-9A1E7A4F7556}") = "Develop03", "prove\Develop03\Develop03.csproj", "{69C38830-778B-418D-AD4D-1C8590925FCC}"
EndProject
Project("{9A19103F-16F7-4668-BE54-9A1E7A4F7556}") = "Develop04", "prove\Develop04\Develop04.csproj", "{301E848A-90C9-4B67-8B86-43C2D275DF5B}"
EndProject
Project("{9A19103F-16F7-4668-BE54-9A1E7A4F7556}") = "Develop05", "prove\Develop05\Develop05.csproj", "{94C3FA4F-CFD0-4F0E-9765-19E02F1862C5}"
EndProject
Project("{2150E333-8FDC-42A3-9474-1A3956D46DE8}") = "sandbox", "sandbox", "{63FB82DB-B9B3-48A8-A512-B1495887DBFA}"
EndProject
Project("{9A19103F-16F7-4668-BE54-9A1E7A4F7556}") = "Sandbox", "sandbox\Sandbox\Sandbox.csproj", "{886A444A-3994-44D6-B0F3-A44C50739C94}"
EndProject
Global
	GlobalSection(SolutionConfigurationPlatforms) = preSolution
		Debug|Any CPU = Debug|Any CPU
		Release|Any CPU = Release|Any CPU
	EndGlobalSection
	GlobalSection(ProjectConfigurationPlatforms) = postSolution
		{2888E246-BCC0-4B84-A7B3-B690CDE38294}.Debug|Any CPU.ActiveCfg = Debug|Any CPU
		{2888E246-BCC0-4B84-A7B3-B690CDE38294}.Debug|Any CPU.Build.0 = Debug|Any CPU
		{2888E246-BCC0-4B84-A7B3-B690CDE38294}.Release|Any CPU.ActiveCfg = Release|Any CPU
		{2888E246-BCC0-4B84-A7B3-B690CDE38294}.Release|Any CPU.Build.0 = Release|Any CPU
		{AB13F1D3-814F-4430-B56A-DEFCBA8833CC}.Debug|Any CPU.ActiveCfg = Debug|Any CPU
		{AB13F1D3-814F-4430-B56A-DEFCBA8833CC}.Debug|Any CPU.Build.0 = Debug|Any CPU
		{AB13F1D3-814F-4430-B56A-DEFCBA8833CC}.Release|Any CPU.ActiveCfg = Release|Any CPU
		{AB13F1D3-814F-4430-B56A-DEFCBA8833CC}.Release|Any CPU.Build.0 = Release|Any CPU
		{854B995F-D2DF-4F2F-810F-4E1CE410AAAE}.Debug|Any CPU.ActiveCfg = Debug|Any CPU
		{854B995F-D2DF-4F2F-810F-4E1CE410AAAE}.Debug|Any CPU.Build.0 = Debug|Any CPU
		{854B995F-D2DF-4F2F-810F-4E1CE410AAAE}.Release|Any CPU.ActiveCfg = Release|Any CPU
		{854B995F-D2DF-4F2F-810F-4E1CE410AAAE}.Release|Any CPU.Build.0 = Release|Any CPU
		{2D6DFA23-972C-41B2-8038-968C1C9BD8BD}.Debug|Any CPU.ActiveCfg = Debug|Any CPU
		{2D6DFA23-972C-41B2-8038-968C1C9BD8BD}.Debug|Any CPU.Build.0 = Debug|Any CPU
		{2D6DFA23-972C-41B2-8038-968C1C9BD8BD}.Release|Any CPU.ActiveCfg = Release|Any CPU
		{2D6DFA23-972C-41B2-8038-968C1C9BD8BD}.Release|Any CPU.Build.0 = Release|Any CPU
		{9A8B15D4-08B1-47AC-9FDB-28C6575C7218}.Debug|Any CPU.ActiveCfg = Debug|Any CPU
		{9A8B15D4-08B1-47AC-9FDB-28C6575C7218}.Debug|Any CPU.Build.0 = Debug|Any CPU
		{9A8B15D4-08B1-47AC-9FDB-28C6575C7218}.Release|Any CPU.ActiveCfg = Release|Any CPU
		{9A8B15D4-08B1-47AC-9FDB-28C6575C7218}.Release|Any CPU.Build.0 = Release|Any CPU
		{70EAA8D0-EE6C-489E-A5F8-7D69D880C194}.Debug|Any CPU.ActiveCfg = Debug|Any CPU
		{70EAA8D0-EE6C-489E-A5F8-7D69D880C194}.Debug|Any CPU.Build.0 = Debug|Any CPU
		{70EAA8D0-EE6C-489E-A5F8-7D69D880C194}.Release|Any CPU.ActiveCfg = Release|Any CPU
		{70EAA8D0-EE6C-489E-A5F8-7D69D880C194}.Release|Any CPU.Build.0 = Release|Any CPU
		{066168C0-3B23-41E8-A059-0523FEDA390E}.Debug|Any CPU.ActiveCfg = Debug|Any CPU
		{066168C0-3B23-41E8-A059-0523FEDA390E}.Debug|Any CPU.Build.0 = Debug|Any CPU
		{066168C0-3B23-41E8-A059-0523FEDA390E}.Release|Any CPU.ActiveCfg = Release|Any CPU
		{066168C0-3B23-41E8-A059-0523FEDA390E}.Release|Any CPU.Build.0 = Release|Any CPU
		{352AF110-563E-4E61-9B4B-6F817A961442}.Debug|Any CPU.ActiveCfg = Debug|Any CPU
		{352AF110-563E-4E61-9B4B-6F817A961442}.Debug|Any CPU.Build.0 = Debug|Any CPU
		{352AF110-563E-4E61-9B4B-6F817A961442}.Release|Any CPU.ActiveCfg = Release|Any CPU
		{352AF110-563E-4E61-9B4B-6F817A961442}.Release|Any CPU.Build.0 = Release|Any CPU
		{C06663AD-D10B-40B7-8D40-AFFD8A186052}.Debug|Any CPU.ActiveCfg = Debug|Any CPU
		{C06663AD-D10B-40B7-8D40-AFFD8A186052}.Debug|Any CPU.Build.0 = Debug|Any CPU
		{C06663AD-D10B-40B7-8D40-AFFD8A186052}.Release|Any CPU.ActiveCfg = Release|Any CPU
		{C06663AD-D10B-40B7-8D40-AFFD8A186052}.Release|Any CPU.Build.0 = Release|Any CPU
		{5BC0B033-D1D6-4A3C-8D34-6A64E65CD609}.Debug|Any CPU.ActiveCfg = Debug|Any CPU
		{5BC0B033-D1D6-4A3C-8D34-6A64E65CD609}.Debug|Any CPU.Build.0 = Debug|Any CPU
		{5BC0B033-D1D6-4A3C-8D34-6A64E65CD609}.Release|Any CPU.ActiveCfg = Release|Any CPU
		{5BC0B033-D1D6-4A3C-8D34-6A64E65CD609}.Release|Any CPU.Build.0 = Release|Any CPU
		{E8AD6FC4-DC5B-43CA-ABC9-CA2EA9BB9907}.Debug|Any CPU.ActiveCfg = Debug|Any CPU
		{E8AD6FC4-DC5B-43CA-ABC9-CA2EA9BB9907}.Debug|Any CPU.Build.0 = Debug|Any CPU
		{E8AD6FC4-DC5B-43CA-ABC9-CA2EA9BB9907}.Release|Any CPU.ActiveCfg = Release|Any CPU
		{E8AD6FC4-DC5B-43CA-ABC9-CA2EA9BB9907}.Release|Any CPU.Build.0 = Release|Any CPU
		{76585586-1482-4BA4-A987-5DEC36F755F8}.Debug|Any CPU.ActiveCfg = Debug|Any CPU
		{76585586-1482-4BA4-A987-5DEC36F755F8}.Debug|Any CPU.Build.0 = Debug|Any CPU
		{76585586-1482-4BA4-A987-5DEC36F755F8}.Release|Any CPU.ActiveCfg = Release|Any CPU
		{76585586-1482-4BA4-A987-5DEC36F755F8}.Release|Any CPU.Build.0 = Release|Any CPU
		{D1788992-C037-4941-8AF6-982DDF1710CB}.Debug|Any CPU.ActiveCfg = Debug|Any CPU
		{D1788992-C037-4941-8AF6-982DDF1710CB}.Debug|Any CPU.Build.0 = Debug|Any CPU
		{D1788992-C037-4941-8AF6-982DDF1710CB}.Release|Any CPU.ActiveCfg = Release|Any CPU
		{D1788992-C037-4941-8AF6-982DDF1710CB}.Release|Any CPU.Build.0 = Release|Any CPU
		{E50883AB-C4B5-47E7-A5DD-6EEC160D4265}.Debug|Any CPU.ActiveCfg = Debug|Any CPU
		{E50883AB-C4B5-47E7-A5DD-6EEC160D4265}.Debug|Any CPU.Build.0 = Debug|Any CPU
		{E50883AB-C4B5-47E7-A5DD-6EEC160D4265}.Release|Any CPU.ActiveCfg = Release|Any CPU
		{E50883AB-C4B5-47E7-A5DD-6EEC160D4265}.Release|Any CPU.Build.0 = Release|Any CPU
		{7122069A-1C66-4F07-BC28-3FDB49E96EE2}.Debug|Any CPU.ActiveCfg = Debug|Any CPU
		{7122069A-1C66-4F07-BC28-3FDB49E96EE2}.Debug|Any CPU.Build.0 = Debug|Any CPU
		{7122069A-1C66-4F07-BC28-3FDB49E96EE2}.Release|Any CPU.ActiveCfg = Release|Any CPU
		{7122069A-1C66-4F07-BC28-3FDB49E96EE2}.Release|Any CPU.Build.0 = Release|Any CPU
		{69C38830-778B-418D-AD4D-1C8590925FCC}.Debug|Any CPU.ActiveCfg = Debug|Any CPU
		{69C38830-778B-418D-AD4D-1C8590925FCC}.Debug|Any CPU.Build.0 = Debug|Any CPU
		{69C38830-778B-418D-AD4D-1C8590925FCC}.Release|Any CPU.ActiveCfg = Release|Any CPU
		{69C38830-778B-418D-AD4D-1C8590925FCC}.Release|Any CPU.Build.0 = Release|Any CPU
		{301E848A-90C9-4B67-8B86-43C2D275DF5B}.Debug|Any CPU.ActiveCfg = Debug|Any CPU
		{301E848A-90C9-4B67-8B86-43C2D275DF5B}.Debug|Any CPU.Build.0 = Debug|Any CPU
		{301E848A-90C9-4B67-8B86-43C2D275DF5B}.Release|Any CPU.ActiveCfg = Release|Any CPU
		{301E848A-90C9-4B67-8B86-43C2D275DF5B}.Release|Any CPU.Build.0 = Release|Any CPU
		{94C3FA4F-CFD0-4F0E-9765-19E02F1862C5}.Debug|Any CPU.ActiveCfg = Debug|Any CPU
		{94C3FA4F-CFD0-4F0E-9765-19E02F1862C5}.Debug|Any CPU.Build.0 = Debug|Any CPU
		{94C3FA4F-CFD0-4F0E-9765-19E02F1862C5}.Release|Any CPU.ActiveCfg = Release|Any CPU
		{94C3FA4F-CFD0-4F0E-9765-19E02F1862C5}.Release|Any CPU.Build.0 = Release|Any CPU
		{886A444A-3994-44D6-B0F3-A44C50739C94}.Debug|Any CPU.ActiveCfg = Debug|Any CPU
		{886A444A-3994-44D6-B0F3-A44C50739C94}.Debug|Any CPU.Build.0 = Debug|Any CPU
		{886A444A-3994-44D6-B0F3-A44C50739C94}.Release|Any CPU.ActiveCfg = Release|Any CPU
		{886A444A-3994-44D6-B0F3-A44C50739C94}.Release|Any CPU.Build.0 = Release|Any CPU
	EndGlobalSection
	GlobalSection(SolutionProperties) = preSolution
		HideSolutionNode = FALSE
	EndGlobalSection
	GlobalSection(NestedProjects) = preSolution
		{2888E246-BCC0-4B84-A7B3-B690CDE38294} = {DB06634D-14C1-43DB-BDD2-4ED37556259C}
		{AB13F1D3-814F-4430-B56A-DEFCBA8833CC} = {DB06634D-14C1-43DB-BDD2-4ED37556259C}
		{854B995F-D2DF-4F2F-810F-4E1CE410AAAE} = {DB06634D-14C1-43DB-BDD2-4ED37556259C}
		{2D6DFA23-972C-41B2-8038-968C1C9BD8BD} = {DB06634D-14C1-43DB-BDD2-4ED37556259C}
		{9A8B15D4-08B1-47AC-9FDB-28C6575C7218} = {DB06634D-14C1-43DB-BDD2-4ED37556259C}
		{70EAA8D0-EE6C-489E-A5F8-7D69D880C194} = {285D0D66-7BAF-43B9-93EA-7454304DC96E}
		{066168C0-3B23-41E8-A059-0523FEDA390E} = {285D0D66-7BAF-43B9-93EA-7454304DC96E}
		{352AF110-563E-4E61-9B4B-6F817A961442} = {285D0D66-7BAF-43B9-93EA-7454304DC96E}
		{C06663AD-D10B-40B7-8D40-AFFD8A186052} = {285D0D66-7BAF-43B9-93EA-7454304DC96E}
		{5BC0B033-D1D6-4A3C-8D34-6A64E65CD609} = {285D0D66-7BAF-43B9-93EA-7454304DC96E}
		{E8AD6FC4-DC5B-43CA-ABC9-CA2EA9BB9907} = {26829A74-1985-4D57-898C-7EB425E000F3}
		{76585586-1482-4BA4-A987-5DEC36F755F8} = {26829A74-1985-4D57-898C-7EB425E000F3}
		{D1788992-C037-4941-8AF6-982DDF1710CB} = {26829A74-1985-4D57-898C-7EB425E000F3}
		{E50883AB-C4B5-47E7-A5DD-6EEC160D4265} = {26829A74-1985-4D57-898C-7EB425E000F3}
		{7122069A-1C66-4F07-BC28-3FDB49E96EE2} = {3D34CD98-B377-402A-B3D8-AB0C56C6BD34}
		{69C38830-778B-418D-AD4D-1C8590925FCC} = {3D34CD98-B377-402A-B3D8-AB0C56C6BD34}
		{301E848A-90C9-4B67-8B86-43C2D275DF5B} = {3D34CD98-B377-402A-B3D8-AB0C56C6BD34}
		{94C3FA4F-CFD0-4F0E-9765-19E02F1862C5} = {3D34CD98-B377-402A-B3D8-AB0C56C6BD34}
		{886A444A-3994-44D6-B0F3-A44C50739C94} = {63FB82DB-B9B3-48A8-A512-B1495887DBFA}
	EndGlobalSection
	GlobalSection(ExtensibilityGlobals) = postSolution
		SolutionGuid = {F45DFED8-A0A2-4B1F-AA0B-3B0556D762FF}
	EndGlobalSection
EndGlobal
